
Microsoft Visual Studio Solution File, Format Version 12.00
# Visual Studio Version 17
VisualStudioVersion = 17.6.33829.357
MinimumVisualStudioVersion = 10.0.40219.1
Project("{FAE04EC0-301F-11D3-BF4B-00C04F79EFBC}") = "IWantApp", "IWantApp\IWantApp.csproj", "{78785E62-ADA9-437D-B677-20DE7EC449FC}"
EndProject
Global
	GlobalSection(SolutionConfigurationPlatforms) = preSolution
		Debug|Any CPU = Debug|Any CPU
		Release|Any CPU = Release|Any CPU
	EndGlobalSection
	GlobalSection(ProjectConfigurationPlatforms) = postSolution
		{78785E62-ADA9-437D-B677-20DE7EC449FC}.Debug|Any CPU.ActiveCfg = Debug|Any CPU
		{78785E62-ADA9-437D-B677-20DE7EC449FC}.Debug|Any CPU.Build.0 = Debug|Any CPU
		{78785E62-ADA9-437D-B677-20DE7EC449FC}.Release|Any CPU.ActiveCfg = Release|Any CPU
		{78785E62-ADA9-437D-B677-20DE7EC449FC}.Release|Any CPU.Build.0 = Release|Any CPU
	EndGlobalSection
	GlobalSection(SolutionProperties) = preSolution
		HideSolutionNode = FALSE
	EndGlobalSection
	GlobalSection(ExtensibilityGlobals) = postSolution
		SolutionGuid = {6FE87CF2-5097-4704-AE87-2E9FA6F99B9E}
	EndGlobalSection
EndGlobal
